// !$*UTF8*$!
{
	archiveVersion = 1;
	classes = {
	};
	objectVersion = 55;
	objects = {

/* Begin PBXBuildFile section */
		7F20CE4E28C72D3E00C34B76 /* News_ITApp.swift in Sources */ = {isa = PBXBuildFile; fileRef = 7F20CE4D28C72D3E00C34B76 /* News_ITApp.swift */; };
		7F20CE5028C72D3E00C34B76 /* ContentView.swift in Sources */ = {isa = PBXBuildFile; fileRef = 7F20CE4F28C72D3E00C34B76 /* ContentView.swift */; };
		7F20CE5228C72D4000C34B76 /* Assets.xcassets in Resources */ = {isa = PBXBuildFile; fileRef = 7F20CE5128C72D4000C34B76 /* Assets.xcassets */; };
		7F20CE5528C72D4000C34B76 /* Preview Assets.xcassets in Resources */ = {isa = PBXBuildFile; fileRef = 7F20CE5428C72D4000C34B76 /* Preview Assets.xcassets */; };
		7F20CE5F28C72D4000C34B76 /* News_ITTests.swift in Sources */ = {isa = PBXBuildFile; fileRef = 7F20CE5E28C72D4000C34B76 /* News_ITTests.swift */; };
		7F20CE6928C72D4000C34B76 /* News_ITUITests.swift in Sources */ = {isa = PBXBuildFile; fileRef = 7F20CE6828C72D4000C34B76 /* News_ITUITests.swift */; };
		7F20CE6B28C72D4000C34B76 /* News_ITUITestsLaunchTests.swift in Sources */ = {isa = PBXBuildFile; fileRef = 7F20CE6A28C72D4000C34B76 /* News_ITUITestsLaunchTests.swift */; };
		7F20CE7828C72DA400C34B76 /* NewsView.swift in Sources */ = {isa = PBXBuildFile; fileRef = 7F20CE7728C72DA400C34B76 /* NewsView.swift */; };
		7F20CE7A28C72DCA00C34B76 /* NewsModel.swift in Sources */ = {isa = PBXBuildFile; fileRef = 7F20CE7928C72DC900C34B76 /* NewsModel.swift */; };
		7F20CE7C28C72DD300C34B76 /* JSONModel.swift in Sources */ = {isa = PBXBuildFile; fileRef = 7F20CE7B28C72DD300C34B76 /* JSONModel.swift */; };
		7F20CE7E28C72DD800C34B76 /* JSONConverter.swift in Sources */ = {isa = PBXBuildFile; fileRef = 7F20CE7D28C72DD800C34B76 /* JSONConverter.swift */; };
		7F20CE8028C72DDC00C34B76 /* ImageManager.swift in Sources */ = {isa = PBXBuildFile; fileRef = 7F20CE7F28C72DDC00C34B76 /* ImageManager.swift */; };
		7F20CE8228C72DE000C34B76 /* DataLoader.swift in Sources */ = {isa = PBXBuildFile; fileRef = 7F20CE8128C72DE000C34B76 /* DataLoader.swift */; };
		7F20CE8528C7369F00C34B76 /* CombineViewModel.swift in Sources */ = {isa = PBXBuildFile; fileRef = 7F20CE8428C7369F00C34B76 /* CombineViewModel.swift */; };
		7F20CE8828C7374C00C34B76 /* RequestStatus.swift in Sources */ = {isa = PBXBuildFile; fileRef = 7F20CE8728C7374C00C34B76 /* RequestStatus.swift */; };
		7F20CE8A28C738B900C34B76 /* Combine.swift in Sources */ = {isa = PBXBuildFile; fileRef = 7F20CE8928C738B900C34B76 /* Combine.swift */; };
		7F20CE8C28C7397A00C34B76 /* Fetcher.swift in Sources */ = {isa = PBXBuildFile; fileRef = 7F20CE8B28C7397A00C34B76 /* Fetcher.swift */; };
		7F20CE9028C739B700C34B76 /* NewsViewModelError.swift in Sources */ = {isa = PBXBuildFile; fileRef = 7F20CE8F28C739B700C34B76 /* NewsViewModelError.swift */; };
		7F20CE9228C739BC00C34B76 /* JSONFetchError.swift in Sources */ = {isa = PBXBuildFile; fileRef = 7F20CE9128C739BC00C34B76 /* JSONFetchError.swift */; };
		7F20CE9528C73AFC00C34B76 /* NewsResponse.swift in Sources */ = {isa = PBXBuildFile; fileRef = 7F20CE9428C73AFC00C34B76 /* NewsResponse.swift */; };
		7F20CE9828C73EFF00C34B76 /* News.swift in Sources */ = {isa = PBXBuildFile; fileRef = 7F20CE9728C73EFF00C34B76 /* News.swift */; };
/* End PBXBuildFile section */

/* Begin PBXContainerItemProxy section */
		7F20CE5B28C72D4000C34B76 /* PBXContainerItemProxy */ = {
			isa = PBXContainerItemProxy;
			containerPortal = 7F20CE4228C72D3E00C34B76 /* Project object */;
			proxyType = 1;
			remoteGlobalIDString = 7F20CE4928C72D3E00C34B76;
			remoteInfo = "News IT";
		};
		7F20CE6528C72D4000C34B76 /* PBXContainerItemProxy */ = {
			isa = PBXContainerItemProxy;
			containerPortal = 7F20CE4228C72D3E00C34B76 /* Project object */;
			proxyType = 1;
			remoteGlobalIDString = 7F20CE4928C72D3E00C34B76;
			remoteInfo = "News IT";
		};
/* End PBXContainerItemProxy section */

/* Begin PBXFileReference section */
		7F20CE4A28C72D3E00C34B76 /* News IT.app */ = {isa = PBXFileReference; explicitFileType = wrapper.application; includeInIndex = 0; path = "News IT.app"; sourceTree = BUILT_PRODUCTS_DIR; };
		7F20CE4D28C72D3E00C34B76 /* News_ITApp.swift */ = {isa = PBXFileReference; lastKnownFileType = sourcecode.swift; path = News_ITApp.swift; sourceTree = "<group>"; };
		7F20CE4F28C72D3E00C34B76 /* ContentView.swift */ = {isa = PBXFileReference; lastKnownFileType = sourcecode.swift; path = ContentView.swift; sourceTree = "<group>"; };
		7F20CE5128C72D4000C34B76 /* Assets.xcassets */ = {isa = PBXFileReference; lastKnownFileType = folder.assetcatalog; path = Assets.xcassets; sourceTree = "<group>"; };
		7F20CE5428C72D4000C34B76 /* Preview Assets.xcassets */ = {isa = PBXFileReference; lastKnownFileType = folder.assetcatalog; path = "Preview Assets.xcassets"; sourceTree = "<group>"; };
		7F20CE5A28C72D4000C34B76 /* News ITTests.xctest */ = {isa = PBXFileReference; explicitFileType = wrapper.cfbundle; includeInIndex = 0; path = "News ITTests.xctest"; sourceTree = BUILT_PRODUCTS_DIR; };
		7F20CE5E28C72D4000C34B76 /* News_ITTests.swift */ = {isa = PBXFileReference; lastKnownFileType = sourcecode.swift; path = News_ITTests.swift; sourceTree = "<group>"; };
		7F20CE6428C72D4000C34B76 /* News ITUITests.xctest */ = {isa = PBXFileReference; explicitFileType = wrapper.cfbundle; includeInIndex = 0; path = "News ITUITests.xctest"; sourceTree = BUILT_PRODUCTS_DIR; };
		7F20CE6828C72D4000C34B76 /* News_ITUITests.swift */ = {isa = PBXFileReference; lastKnownFileType = sourcecode.swift; path = News_ITUITests.swift; sourceTree = "<group>"; };
		7F20CE6A28C72D4000C34B76 /* News_ITUITestsLaunchTests.swift */ = {isa = PBXFileReference; lastKnownFileType = sourcecode.swift; path = News_ITUITestsLaunchTests.swift; sourceTree = "<group>"; };
		7F20CE7728C72DA400C34B76 /* NewsView.swift */ = {isa = PBXFileReference; fileEncoding = 4; lastKnownFileType = sourcecode.swift; path = NewsView.swift; sourceTree = "<group>"; };
		7F20CE7928C72DC900C34B76 /* NewsModel.swift */ = {isa = PBXFileReference; fileEncoding = 4; lastKnownFileType = sourcecode.swift; path = NewsModel.swift; sourceTree = "<group>"; };
		7F20CE7B28C72DD300C34B76 /* JSONModel.swift */ = {isa = PBXFileReference; fileEncoding = 4; lastKnownFileType = sourcecode.swift; path = JSONModel.swift; sourceTree = "<group>"; };
		7F20CE7D28C72DD800C34B76 /* JSONConverter.swift */ = {isa = PBXFileReference; fileEncoding = 4; lastKnownFileType = sourcecode.swift; path = JSONConverter.swift; sourceTree = "<group>"; };
		7F20CE7F28C72DDC00C34B76 /* ImageManager.swift */ = {isa = PBXFileReference; fileEncoding = 4; lastKnownFileType = sourcecode.swift; path = ImageManager.swift; sourceTree = "<group>"; };
		7F20CE8128C72DE000C34B76 /* DataLoader.swift */ = {isa = PBXFileReference; fileEncoding = 4; lastKnownFileType = sourcecode.swift; path = DataLoader.swift; sourceTree = "<group>"; };
		7F20CE8428C7369F00C34B76 /* CombineViewModel.swift */ = {isa = PBXFileReference; lastKnownFileType = sourcecode.swift; path = CombineViewModel.swift; sourceTree = "<group>"; };
		7F20CE8728C7374C00C34B76 /* RequestStatus.swift */ = {isa = PBXFileReference; lastKnownFileType = sourcecode.swift; path = RequestStatus.swift; sourceTree = "<group>"; };
		7F20CE8928C738B900C34B76 /* Combine.swift */ = {isa = PBXFileReference; lastKnownFileType = sourcecode.swift; path = Combine.swift; sourceTree = "<group>"; };
		7F20CE8B28C7397A00C34B76 /* Fetcher.swift */ = {isa = PBXFileReference; fileEncoding = 4; lastKnownFileType = sourcecode.swift; path = Fetcher.swift; sourceTree = "<group>"; };
		7F20CE8F28C739B700C34B76 /* NewsViewModelError.swift */ = {isa = PBXFileReference; fileEncoding = 4; lastKnownFileType = sourcecode.swift; path = NewsViewModelError.swift; sourceTree = "<group>"; };
		7F20CE9128C739BC00C34B76 /* JSONFetchError.swift */ = {isa = PBXFileReference; fileEncoding = 4; lastKnownFileType = sourcecode.swift; path = JSONFetchError.swift; sourceTree = "<group>"; };
		7F20CE9428C73AFC00C34B76 /* NewsResponse.swift */ = {isa = PBXFileReference; lastKnownFileType = sourcecode.swift; path = NewsResponse.swift; sourceTree = "<group>"; };
		7F20CE9728C73EFF00C34B76 /* News.swift */ = {isa = PBXFileReference; fileEncoding = 4; lastKnownFileType = sourcecode.swift; path = News.swift; sourceTree = "<group>"; };
/* End PBXFileReference section */

/* Begin PBXFrameworksBuildPhase section */
		7F20CE4728C72D3E00C34B76 /* Frameworks */ = {
			isa = PBXFrameworksBuildPhase;
			buildActionMask = 2147483647;
			files = (
			);
			runOnlyForDeploymentPostprocessing = 0;
		};
		7F20CE5728C72D4000C34B76 /* Frameworks */ = {
			isa = PBXFrameworksBuildPhase;
			buildActionMask = 2147483647;
			files = (
			);
			runOnlyForDeploymentPostprocessing = 0;
		};
		7F20CE6128C72D4000C34B76 /* Frameworks */ = {
			isa = PBXFrameworksBuildPhase;
			buildActionMask = 2147483647;
			files = (
			);
			runOnlyForDeploymentPostprocessing = 0;
		};
/* End PBXFrameworksBuildPhase section */

/* Begin PBXGroup section */
		7F20CE4128C72D3E00C34B76 = {
			isa = PBXGroup;
			children = (
				7F20CE4C28C72D3E00C34B76 /* News IT */,
				7F20CE5D28C72D4000C34B76 /* News ITTests */,
				7F20CE6728C72D4000C34B76 /* News ITUITests */,
				7F20CE4B28C72D3E00C34B76 /* Products */,
			);
			sourceTree = "<group>";
		};
		7F20CE4B28C72D3E00C34B76 /* Products */ = {
			isa = PBXGroup;
			children = (
				7F20CE4A28C72D3E00C34B76 /* News IT.app */,
				7F20CE5A28C72D4000C34B76 /* News ITTests.xctest */,
				7F20CE6428C72D4000C34B76 /* News ITUITests.xctest */,
			);
			name = Products;
			sourceTree = "<group>";
		};
		7F20CE4C28C72D3E00C34B76 /* News IT */ = {
			isa = PBXGroup;
			children = (
				7F20CE4D28C72D3E00C34B76 /* News_ITApp.swift */,
				7F20CE4F28C72D3E00C34B76 /* ContentView.swift */,
				7F20CE7928C72DC900C34B76 /* NewsModel.swift */,
				7F20CE7F28C72DDC00C34B76 /* ImageManager.swift */,
				7F20CE8128C72DE000C34B76 /* DataLoader.swift */,
				7F20CE7B28C72DD300C34B76 /* JSONModel.swift */,
				7F20CE8328C7367900C34B76 /* Combine */,
				7F20CE7D28C72DD800C34B76 /* JSONConverter.swift */,
				7F20CE7728C72DA400C34B76 /* NewsView.swift */,
				7F20CE5128C72D4000C34B76 /* Assets.xcassets */,
				7F20CE5328C72D4000C34B76 /* Preview Content */,
			);
			path = "News IT";
			sourceTree = "<group>";
		};
		7F20CE5328C72D4000C34B76 /* Preview Content */ = {
			isa = PBXGroup;
			children = (
				7F20CE5428C72D4000C34B76 /* Preview Assets.xcassets */,
			);
			path = "Preview Content";
			sourceTree = "<group>";
		};
		7F20CE5D28C72D4000C34B76 /* News ITTests */ = {
			isa = PBXGroup;
			children = (
				7F20CE5E28C72D4000C34B76 /* News_ITTests.swift */,
			);
			path = "News ITTests";
			sourceTree = "<group>";
		};
		7F20CE6728C72D4000C34B76 /* News ITUITests */ = {
			isa = PBXGroup;
			children = (
				7F20CE6828C72D4000C34B76 /* News_ITUITests.swift */,
				7F20CE6A28C72D4000C34B76 /* News_ITUITestsLaunchTests.swift */,
			);
			path = "News ITUITests";
			sourceTree = "<group>";
		};
		7F20CE8328C7367900C34B76 /* Combine */ = {
			isa = PBXGroup;
			children = (
				7F20CE8428C7369F00C34B76 /* CombineViewModel.swift */,
				7F20CE9728C73EFF00C34B76 /* News.swift */,
				7F20CE8928C738B900C34B76 /* Combine.swift */,
				7F20CE9628C73B4100C34B76 /* JSON */,
				7F20CE9328C73A3400C34B76 /* Error */,
				7F20CE8628C7372100C34B76 /* Status */,
			);
			path = Combine;
			sourceTree = "<group>";
		};
		7F20CE8628C7372100C34B76 /* Status */ = {
			isa = PBXGroup;
			children = (
				7F20CE8728C7374C00C34B76 /* RequestStatus.swift */,
			);
			path = Status;
			sourceTree = "<group>";
		};
		7F20CE9328C73A3400C34B76 /* Error */ = {
			isa = PBXGroup;
			children = (
				7F20CE9128C739BC00C34B76 /* JSONFetchError.swift */,
				7F20CE8F28C739B700C34B76 /* NewsViewModelError.swift */,
				7F20CE8B28C7397A00C34B76 /* Fetcher.swift */,
			);
			path = Error;
			sourceTree = "<group>";
		};
		7F20CE9628C73B4100C34B76 /* JSON */ = {
			isa = PBXGroup;
			children = (
				7F20CE9428C73AFC00C34B76 /* NewsResponse.swift */,
			);
			path = JSON;
			sourceTree = "<group>";
		};
/* End PBXGroup section */

/* Begin PBXNativeTarget section */
		7F20CE4928C72D3E00C34B76 /* News IT */ = {
			isa = PBXNativeTarget;
			buildConfigurationList = 7F20CE6E28C72D4000C34B76 /* Build configuration list for PBXNativeTarget "News IT" */;
			buildPhases = (
				7F20CE4628C72D3E00C34B76 /* Sources */,
				7F20CE4728C72D3E00C34B76 /* Frameworks */,
				7F20CE4828C72D3E00C34B76 /* Resources */,
			);
			buildRules = (
			);
			dependencies = (
			);
			name = "News IT";
			productName = "News IT";
			productReference = 7F20CE4A28C72D3E00C34B76 /* News IT.app */;
			productType = "com.apple.product-type.application";
		};
		7F20CE5928C72D4000C34B76 /* News ITTests */ = {
			isa = PBXNativeTarget;
			buildConfigurationList = 7F20CE7128C72D4000C34B76 /* Build configuration list for PBXNativeTarget "News ITTests" */;
			buildPhases = (
				7F20CE5628C72D4000C34B76 /* Sources */,
				7F20CE5728C72D4000C34B76 /* Frameworks */,
				7F20CE5828C72D4000C34B76 /* Resources */,
			);
			buildRules = (
			);
			dependencies = (
				7F20CE5C28C72D4000C34B76 /* PBXTargetDependency */,
			);
			name = "News ITTests";
			productName = "News ITTests";
			productReference = 7F20CE5A28C72D4000C34B76 /* News ITTests.xctest */;
			productType = "com.apple.product-type.bundle.unit-test";
		};
		7F20CE6328C72D4000C34B76 /* News ITUITests */ = {
			isa = PBXNativeTarget;
			buildConfigurationList = 7F20CE7428C72D4000C34B76 /* Build configuration list for PBXNativeTarget "News ITUITests" */;
			buildPhases = (
				7F20CE6028C72D4000C34B76 /* Sources */,
				7F20CE6128C72D4000C34B76 /* Frameworks */,
				7F20CE6228C72D4000C34B76 /* Resources */,
			);
			buildRules = (
			);
			dependencies = (
				7F20CE6628C72D4000C34B76 /* PBXTargetDependency */,
			);
			name = "News ITUITests";
			productName = "News ITUITests";
			productReference = 7F20CE6428C72D4000C34B76 /* News ITUITests.xctest */;
			productType = "com.apple.product-type.bundle.ui-testing";
		};
/* End PBXNativeTarget section */

/* Begin PBXProject section */
		7F20CE4228C72D3E00C34B76 /* Project object */ = {
			isa = PBXProject;
			attributes = {
				BuildIndependentTargetsInParallel = 1;
				LastSwiftUpdateCheck = 1340;
				LastUpgradeCheck = 1340;
				TargetAttributes = {
					7F20CE4928C72D3E00C34B76 = {
						CreatedOnToolsVersion = 13.4;
					};
					7F20CE5928C72D4000C34B76 = {
						CreatedOnToolsVersion = 13.4;
						TestTargetID = 7F20CE4928C72D3E00C34B76;
					};
					7F20CE6328C72D4000C34B76 = {
						CreatedOnToolsVersion = 13.4;
						TestTargetID = 7F20CE4928C72D3E00C34B76;
					};
				};
			};
			buildConfigurationList = 7F20CE4528C72D3E00C34B76 /* Build configuration list for PBXProject "News IT" */;
			compatibilityVersion = "Xcode 13.0";
			developmentRegion = en;
			hasScannedForEncodings = 0;
			knownRegions = (
				en,
				Base,
			);
			mainGroup = 7F20CE4128C72D3E00C34B76;
			productRefGroup = 7F20CE4B28C72D3E00C34B76 /* Products */;
			projectDirPath = "";
			projectRoot = "";
			targets = (
				7F20CE4928C72D3E00C34B76 /* News IT */,
				7F20CE5928C72D4000C34B76 /* News ITTests */,
				7F20CE6328C72D4000C34B76 /* News ITUITests */,
			);
		};
/* End PBXProject section */

/* Begin PBXResourcesBuildPhase section */
		7F20CE4828C72D3E00C34B76 /* Resources */ = {
			isa = PBXResourcesBuildPhase;
			buildActionMask = 2147483647;
			files = (
				7F20CE5528C72D4000C34B76 /* Preview Assets.xcassets in Resources */,
				7F20CE5228C72D4000C34B76 /* Assets.xcassets in Resources */,
			);
			runOnlyForDeploymentPostprocessing = 0;
		};
		7F20CE5828C72D4000C34B76 /* Resources */ = {
			isa = PBXResourcesBuildPhase;
			buildActionMask = 2147483647;
			files = (
			);
			runOnlyForDeploymentPostprocessing = 0;
		};
		7F20CE6228C72D4000C34B76 /* Resources */ = {
			isa = PBXResourcesBuildPhase;
			buildActionMask = 2147483647;
			files = (
			);
			runOnlyForDeploymentPostprocessing = 0;
		};
/* End PBXResourcesBuildPhase section */

/* Begin PBXSourcesBuildPhase section */
		7F20CE4628C72D3E00C34B76 /* Sources */ = {
			isa = PBXSourcesBuildPhase;
			buildActionMask = 2147483647;
			files = (
				7F20CE9028C739B700C34B76 /* NewsViewModelError.swift in Sources */,
				7F20CE7C28C72DD300C34B76 /* JSONModel.swift in Sources */,
				7F20CE8A28C738B900C34B76 /* Combine.swift in Sources */,
				7F20CE7A28C72DCA00C34B76 /* NewsModel.swift in Sources */,
				7F20CE8028C72DDC00C34B76 /* ImageManager.swift in Sources */,
				7F20CE9228C739BC00C34B76 /* JSONFetchError.swift in Sources */,
				7F20CE7E28C72DD800C34B76 /* JSONConverter.swift in Sources */,
				7F20CE8C28C7397A00C34B76 /* Fetcher.swift in Sources */,
				7F20CE8228C72DE000C34B76 /* DataLoader.swift in Sources */,
				7F20CE7828C72DA400C34B76 /* NewsView.swift in Sources */,
				7F20CE9828C73EFF00C34B76 /* News.swift in Sources */,
				7F20CE5028C72D3E00C34B76 /* ContentView.swift in Sources */,
				7F20CE9528C73AFC00C34B76 /* NewsResponse.swift in Sources */,
				7F20CE8828C7374C00C34B76 /* RequestStatus.swift in Sources */,
				7F20CE8528C7369F00C34B76 /* CombineViewModel.swift in Sources */,
				7F20CE4E28C72D3E00C34B76 /* News_ITApp.swift in Sources */,
			);
			runOnlyForDeploymentPostprocessing = 0;
		};
		7F20CE5628C72D4000C34B76 /* Sources */ = {
			isa = PBXSourcesBuildPhase;
			buildActionMask = 2147483647;
			files = (
				7F20CE5F28C72D4000C34B76 /* News_ITTests.swift in Sources */,
			);
			runOnlyForDeploymentPostprocessing = 0;
		};
		7F20CE6028C72D4000C34B76 /* Sources */ = {
			isa = PBXSourcesBuildPhase;
			buildActionMask = 2147483647;
			files = (
				7F20CE6B28C72D4000C34B76 /* News_ITUITestsLaunchTests.swift in Sources */,
				7F20CE6928C72D4000C34B76 /* News_ITUITests.swift in Sources */,
			);
			runOnlyForDeploymentPostprocessing = 0;
		};
/* End PBXSourcesBuildPhase section */

/* Begin PBXTargetDependency section */
		7F20CE5C28C72D4000C34B76 /* PBXTargetDependency */ = {
			isa = PBXTargetDependency;
			target = 7F20CE4928C72D3E00C34B76 /* News IT */;
			targetProxy = 7F20CE5B28C72D4000C34B76 /* PBXContainerItemProxy */;
		};
		7F20CE6628C72D4000C34B76 /* PBXTargetDependency */ = {
			isa = PBXTargetDependency;
			target = 7F20CE4928C72D3E00C34B76 /* News IT */;
			targetProxy = 7F20CE6528C72D4000C34B76 /* PBXContainerItemProxy */;
		};
/* End PBXTargetDependency section */

/* Begin XCBuildConfiguration section */
		7F20CE6C28C72D4000C34B76 /* Debug */ = {
			isa = XCBuildConfiguration;
			buildSettings = {
				ALWAYS_SEARCH_USER_PATHS = NO;
				CLANG_ANALYZER_NONNULL = YES;
				CLANG_ANALYZER_NUMBER_OBJECT_CONVERSION = YES_AGGRESSIVE;
				CLANG_CXX_LANGUAGE_STANDARD = "gnu++17";
				CLANG_ENABLE_MODULES = YES;
				CLANG_ENABLE_OBJC_ARC = YES;
				CLANG_ENABLE_OBJC_WEAK = YES;
				CLANG_WARN_BLOCK_CAPTURE_AUTORELEASING = YES;
				CLANG_WARN_BOOL_CONVERSION = YES;
				CLANG_WARN_COMMA = YES;
				CLANG_WARN_CONSTANT_CONVERSION = YES;
				CLANG_WARN_DEPRECATED_OBJC_IMPLEMENTATIONS = YES;
				CLANG_WARN_DIRECT_OBJC_ISA_USAGE = YES_ERROR;
				CLANG_WARN_DOCUMENTATION_COMMENTS = YES;
				CLANG_WARN_EMPTY_BODY = YES;
				CLANG_WARN_ENUM_CONVERSION = YES;
				CLANG_WARN_INFINITE_RECURSION = YES;
				CLANG_WARN_INT_CONVERSION = YES;
				CLANG_WARN_NON_LITERAL_NULL_CONVERSION = YES;
				CLANG_WARN_OBJC_IMPLICIT_RETAIN_SELF = YES;
				CLANG_WARN_OBJC_LITERAL_CONVERSION = YES;
				CLANG_WARN_OBJC_ROOT_CLASS = YES_ERROR;
				CLANG_WARN_QUOTED_INCLUDE_IN_FRAMEWORK_HEADER = YES;
				CLANG_WARN_RANGE_LOOP_ANALYSIS = YES;
				CLANG_WARN_STRICT_PROTOTYPES = YES;
				CLANG_WARN_SUSPICIOUS_MOVE = YES;
				CLANG_WARN_UNGUARDED_AVAILABILITY = YES_AGGRESSIVE;
				CLANG_WARN_UNREACHABLE_CODE = YES;
				CLANG_WARN__DUPLICATE_METHOD_MATCH = YES;
				COPY_PHASE_STRIP = NO;
				DEBUG_INFORMATION_FORMAT = dwarf;
				ENABLE_STRICT_OBJC_MSGSEND = YES;
				ENABLE_TESTABILITY = YES;
				GCC_C_LANGUAGE_STANDARD = gnu11;
				GCC_DYNAMIC_NO_PIC = NO;
				GCC_NO_COMMON_BLOCKS = YES;
				GCC_OPTIMIZATION_LEVEL = 0;
				GCC_PREPROCESSOR_DEFINITIONS = (
					"DEBUG=1",
					"$(inherited)",
				);
				GCC_WARN_64_TO_32_BIT_CONVERSION = YES;
				GCC_WARN_ABOUT_RETURN_TYPE = YES_ERROR;
				GCC_WARN_UNDECLARED_SELECTOR = YES;
				GCC_WARN_UNINITIALIZED_AUTOS = YES_AGGRESSIVE;
				GCC_WARN_UNUSED_FUNCTION = YES;
				GCC_WARN_UNUSED_VARIABLE = YES;
				IPHONEOS_DEPLOYMENT_TARGET = 15.5;
				MTL_ENABLE_DEBUG_INFO = INCLUDE_SOURCE;
				MTL_FAST_MATH = YES;
				ONLY_ACTIVE_ARCH = YES;
				SDKROOT = iphoneos;
				SWIFT_ACTIVE_COMPILATION_CONDITIONS = DEBUG;
				SWIFT_OPTIMIZATION_LEVEL = "-Onone";
			};
			name = Debug;
		};
		7F20CE6D28C72D4000C34B76 /* Release */ = {
			isa = XCBuildConfiguration;
			buildSettings = {
				ALWAYS_SEARCH_USER_PATHS = NO;
				CLANG_ANALYZER_NONNULL = YES;
				CLANG_ANALYZER_NUMBER_OBJECT_CONVERSION = YES_AGGRESSIVE;
				CLANG_CXX_LANGUAGE_STANDARD = "gnu++17";
				CLANG_ENABLE_MODULES = YES;
				CLANG_ENABLE_OBJC_ARC = YES;
				CLANG_ENABLE_OBJC_WEAK = YES;
				CLANG_WARN_BLOCK_CAPTURE_AUTORELEASING = YES;
				CLANG_WARN_BOOL_CONVERSION = YES;
				CLANG_WARN_COMMA = YES;
				CLANG_WARN_CONSTANT_CONVERSION = YES;
				CLANG_WARN_DEPRECATED_OBJC_IMPLEMENTATIONS = YES;
				CLANG_WARN_DIRECT_OBJC_ISA_USAGE = YES_ERROR;
				CLANG_WARN_DOCUMENTATION_COMMENTS = YES;
				CLANG_WARN_EMPTY_BODY = YES;
				CLANG_WARN_ENUM_CONVERSION = YES;
				CLANG_WARN_INFINITE_RECURSION = YES;
				CLANG_WARN_INT_CONVERSION = YES;
				CLANG_WARN_NON_LITERAL_NULL_CONVERSION = YES;
				CLANG_WARN_OBJC_IMPLICIT_RETAIN_SELF = YES;
				CLANG_WARN_OBJC_LITERAL_CONVERSION = YES;
				CLANG_WARN_OBJC_ROOT_CLASS = YES_ERROR;
				CLANG_WARN_QUOTED_INCLUDE_IN_FRAMEWORK_HEADER = YES;
				CLANG_WARN_RANGE_LOOP_ANALYSIS = YES;
				CLANG_WARN_STRICT_PROTOTYPES = YES;
				CLANG_WARN_SUSPICIOUS_MOVE = YES;
				CLANG_WARN_UNGUARDED_AVAILABILITY = YES_AGGRESSIVE;
				CLANG_WARN_UNREACHABLE_CODE = YES;
				CLANG_WARN__DUPLICATE_METHOD_MATCH = YES;
				COPY_PHASE_STRIP = NO;
				DEBUG_INFORMATION_FORMAT = "dwarf-with-dsym";
				ENABLE_NS_ASSERTIONS = NO;
				ENABLE_STRICT_OBJC_MSGSEND = YES;
				GCC_C_LANGUAGE_STANDARD = gnu11;
				GCC_NO_COMMON_BLOCKS = YES;
				GCC_WARN_64_TO_32_BIT_CONVERSION = YES;
				GCC_WARN_ABOUT_RETURN_TYPE = YES_ERROR;
				GCC_WARN_UNDECLARED_SELECTOR = YES;
				GCC_WARN_UNINITIALIZED_AUTOS = YES_AGGRESSIVE;
				GCC_WARN_UNUSED_FUNCTION = YES;
				GCC_WARN_UNUSED_VARIABLE = YES;
				IPHONEOS_DEPLOYMENT_TARGET = 15.5;
				MTL_ENABLE_DEBUG_INFO = NO;
				MTL_FAST_MATH = YES;
				SDKROOT = iphoneos;
				SWIFT_COMPILATION_MODE = wholemodule;
				SWIFT_OPTIMIZATION_LEVEL = "-O";
				VALIDATE_PRODUCT = YES;
			};
			name = Release;
		};
		7F20CE6F28C72D4000C34B76 /* Debug */ = {
			isa = XCBuildConfiguration;
			buildSettings = {
				ASSETCATALOG_COMPILER_APPICON_NAME = AppIcon;
				ASSETCATALOG_COMPILER_GLOBAL_ACCENT_COLOR_NAME = AccentColor;
				CODE_SIGN_STYLE = Automatic;
				CURRENT_PROJECT_VERSION = 1;
				DEVELOPMENT_ASSET_PATHS = "\"News IT/Preview Content\"";
				DEVELOPMENT_TEAM = CDMX3DWRPS;
				ENABLE_PREVIEWS = YES;
				GENERATE_INFOPLIST_FILE = YES;
				INFOPLIST_KEY_NSLocalNetworkUsageDescription = "Use Internet";
				INFOPLIST_KEY_UIApplicationSceneManifest_Generation = YES;
				INFOPLIST_KEY_UIApplicationSupportsIndirectInputEvents = YES;
				INFOPLIST_KEY_UILaunchScreen_Generation = YES;
				INFOPLIST_KEY_UISupportedInterfaceOrientations_iPad = "UIInterfaceOrientationPortrait UIInterfaceOrientationPortraitUpsideDown UIInterfaceOrientationLandscapeLeft UIInterfaceOrientationLandscapeRight";
				INFOPLIST_KEY_UISupportedInterfaceOrientations_iPhone = "UIInterfaceOrientationPortrait UIInterfaceOrientationLandscapeLeft UIInterfaceOrientationLandscapeRight";
				IPHONEOS_DEPLOYMENT_TARGET = 15.0;
				LD_RUNPATH_SEARCH_PATHS = (
					"$(inherited)",
					"@executable_path/Frameworks",
				);
				MARKETING_VERSION = 1.0;
				PRODUCT_BUNDLE_IDENTIFIER = "jp.ac.jec.21cm0138.News-IT";
				PRODUCT_NAME = "$(TARGET_NAME)";
				SWIFT_EMIT_LOC_STRINGS = YES;
				SWIFT_VERSION = 5.0;
				TARGETED_DEVICE_FAMILY = "1,2";
			};
			name = Debug;
		};
		7F20CE7028C72D4000C34B76 /* Release */ = {
			isa = XCBuildConfiguration;
			buildSettings = {
				ASSETCATALOG_COMPILER_APPICON_NAME = AppIcon;
				ASSETCATALOG_COMPILER_GLOBAL_ACCENT_COLOR_NAME = AccentColor;
				CODE_SIGN_STYLE = Automatic;
				CURRENT_PROJECT_VERSION = 1;
				DEVELOPMENT_ASSET_PATHS = "\"News IT/Preview Content\"";
				DEVELOPMENT_TEAM = CDMX3DWRPS;
				ENABLE_PREVIEWS = YES;
				GENERATE_INFOPLIST_FILE = YES;
				INFOPLIST_KEY_NSLocalNetworkUsageDescription = "Use Internet";
				INFOPLIST_KEY_UIApplicationSceneManifest_Generation = YES;
				INFOPLIST_KEY_UIApplicationSupportsIndirectInputEvents = YES;
				INFOPLIST_KEY_UILaunchScreen_Generation = YES;
				INFOPLIST_KEY_UISupportedInterfaceOrientations_iPad = "UIInterfaceOrientationPortrait UIInterfaceOrientationPortraitUpsideDown UIInterfaceOrientationLandscapeLeft UIInterfaceOrientationLandscapeRight";
				INFOPLIST_KEY_UISupportedInterfaceOrientations_iPhone = "UIInterfaceOrientationPortrait UIInterfaceOrientationLandscapeLeft UIInterfaceOrientationLandscapeRight";
				IPHONEOS_DEPLOYMENT_TARGET = 15.0;
				LD_RUNPATH_SEARCH_PATHS = (
					"$(inherited)",
					"@executable_path/Frameworks",
				);
				MARKETING_VERSION = 1.0;
				PRODUCT_BUNDLE_IDENTIFIER = "jp.ac.jec.21cm0138.News-IT";
				PRODUCT_NAME = "$(TARGET_NAME)";
				SWIFT_EMIT_LOC_STRINGS = YES;
				SWIFT_VERSION = 5.0;
				TARGETED_DEVICE_FAMILY = "1,2";
			};
			name = Release;
		};
		7F20CE7228C72D4000C34B76 /* Debug */ = {
			isa = XCBuildConfiguration;
			buildSettings = {
				ALWAYS_EMBED_SWIFT_STANDARD_LIBRARIES = YES;
				BUNDLE_LOADER = "$(TEST_HOST)";
				CODE_SIGN_STYLE = Automatic;
				CURRENT_PROJECT_VERSION = 1;
				DEVELOPMENT_TEAM = CDMX3DWRPS;
				GENERATE_INFOPLIST_FILE = YES;
				IPHONEOS_DEPLOYMENT_TARGET = 15.5;
				MARKETING_VERSION = 1.0;
				PRODUCT_BUNDLE_IDENTIFIER = "jp.ac.jec.21cm0138.News-ITTests";
				PRODUCT_NAME = "$(TARGET_NAME)";
				SWIFT_EMIT_LOC_STRINGS = NO;
				SWIFT_VERSION = 5.0;
				TARGETED_DEVICE_FAMILY = "1,2";
				TEST_HOST = "$(BUILT_PRODUCTS_DIR)/News IT.app/News IT";
			};
			name = Debug;
		};
		7F20CE7328C72D4000C34B76 /* Release */ = {
			isa = XCBuildConfiguration;
			buildSettings = {
				ALWAYS_EMBED_SWIFT_STANDARD_LIBRARIES = YES;
				BUNDLE_LOADER = "$(TEST_HOST)";
				CODE_SIGN_STYLE = Automatic;
				CURRENT_PROJECT_VERSION = 1;
				DEVELOPMENT_TEAM = CDMX3DWRPS;
				GENERATE_INFOPLIST_FILE = YES;
				IPHONEOS_DEPLOYMENT_TARGET = 15.5;
				MARKETING_VERSION = 1.0;
				PRODUCT_BUNDLE_IDENTIFIER = "jp.ac.jec.21cm0138.News-ITTests";
				PRODUCT_NAME = "$(TARGET_NAME)";
				SWIFT_EMIT_LOC_STRINGS = NO;
				SWIFT_VERSION = 5.0;
				TARGETED_DEVICE_FAMILY = "1,2";
				TEST_HOST = "$(BUILT_PRODUCTS_DIR)/News IT.app/News IT";
			};
			name = Release;
		};
		7F20CE7528C72D4000C34B76 /* Debug */ = {
			isa = XCBuildConfiguration;
			buildSettings = {
				ALWAYS_EMBED_SWIFT_STANDARD_LIBRARIES = YES;
				CODE_SIGN_STYLE = Automatic;
				CURRENT_PROJECT_VERSION = 1;
				DEVELOPMENT_TEAM = CDMX3DWRPS;
				GENERATE_INFOPLIST_FILE = YES;
				MARKETING_VERSION = 1.0;
				PRODUCT_BUNDLE_IDENTIFIER = "jp.ac.jec.21cm0138.News-ITUITests";
				PRODUCT_NAME = "$(TARGET_NAME)";
				SWIFT_EMIT_LOC_STRINGS = NO;
				SWIFT_VERSION = 5.0;
				TARGETED_DEVICE_FAMILY = "1,2";
				TEST_TARGET_NAME = "News IT";
			};
			name = Debug;
		};
		7F20CE7628C72D4000C34B76 /* Release */ = {
			isa = XCBuildConfiguration;
			buildSettings = {
				ALWAYS_EMBED_SWIFT_STANDARD_LIBRARIES = YES;
				CODE_SIGN_STYLE = Automatic;
				CURRENT_PROJECT_VERSION = 1;
				DEVELOPMENT_TEAM = CDMX3DWRPS;
				GENERATE_INFOPLIST_FILE = YES;
				MARKETING_VERSION = 1.0;
				PRODUCT_BUNDLE_IDENTIFIER = "jp.ac.jec.21cm0138.News-ITUITests";
				PRODUCT_NAME = "$(TARGET_NAME)";
				SWIFT_EMIT_LOC_STRINGS = NO;
				SWIFT_VERSION = 5.0;
				TARGETED_DEVICE_FAMILY = "1,2";
				TEST_TARGET_NAME = "News IT";
			};
			name = Release;
		};
/* End XCBuildConfiguration section */

/* Begin XCConfigurationList section */
		7F20CE4528C72D3E00C34B76 /* Build configuration list for PBXProject "News IT" */ = {
			isa = XCConfigurationList;
			buildConfigurations = (
				7F20CE6C28C72D4000C34B76 /* Debug */,
				7F20CE6D28C72D4000C34B76 /* Release */,
			);
			defaultConfigurationIsVisible = 0;
			defaultConfigurationName = Release;
		};
		7F20CE6E28C72D4000C34B76 /* Build configuration list for PBXNativeTarget "News IT" */ = {
			isa = XCConfigurationList;
			buildConfigurations = (
				7F20CE6F28C72D4000C34B76 /* Debug */,
				7F20CE7028C72D4000C34B76 /* Release */,
			);
			defaultConfigurationIsVisible = 0;
			defaultConfigurationName = Release;
		};
		7F20CE7128C72D4000C34B76 /* Build configuration list for PBXNativeTarget "News ITTests" */ = {
			isa = XCConfigurationList;
			buildConfigurations = (
				7F20CE7228C72D4000C34B76 /* Debug */,
				7F20CE7328C72D4000C34B76 /* Release */,
			);
			defaultConfigurationIsVisible = 0;
			defaultConfigurationName = Release;
		};
		7F20CE7428C72D4000C34B76 /* Build configuration list for PBXNativeTarget "News ITUITests" */ = {
			isa = XCConfigurationList;
			buildConfigurations = (
				7F20CE7528C72D4000C34B76 /* Debug */,
				7F20CE7628C72D4000C34B76 /* Release */,
			);
			defaultConfigurationIsVisible = 0;
			defaultConfigurationName = Release;
		};
/* End XCConfigurationList section */
	};
	rootObject = 7F20CE4228C72D3E00C34B76 /* Project object */;
}
